
Microsoft Visual Studio Solution File, Format Version 12.00
# Visual Studio 15
VisualStudioVersion = 15.0.28307.1000
MinimumVisualStudioVersion = 10.0.40219.1
Project("{FAE04EC0-301F-11D3-BF4B-00C04F79EFBC}") = "suanfakuangjia", "suanfakuangjia\suanfakuangjia.csproj", "{9C92872B-0445-41BA-B1E6-9DE1711D6ECB}"
EndProject
Global
	GlobalSection(SolutionConfigurationPlatforms) = preSolution
		Debug|Any CPU = Debug|Any CPU
		Release|Any CPU = Release|Any CPU
	EndGlobalSection
	GlobalSection(ProjectConfigurationPlatforms) = postSolution
		{9C92872B-0445-41BA-B1E6-9DE1711D6ECB}.Debug|Any CPU.ActiveCfg = Debug|Any CPU
		{9C92872B-0445-41BA-B1E6-9DE1711D6ECB}.Debug|Any CPU.Build.0 = Debug|Any CPU
		{9C92872B-0445-41BA-B1E6-9DE1711D6ECB}.Release|Any CPU.ActiveCfg = Release|Any CPU
		{9C92872B-0445-41BA-B1E6-9DE1711D6ECB}.Release|Any CPU.Build.0 = Release|Any CPU
	EndGlobalSection
	GlobalSection(SolutionProperties) = preSolution
		HideSolutionNode = FALSE
	EndGlobalSection
	GlobalSection(ExtensibilityGlobals) = postSolution
		SolutionGuid = {689714A7-1ED3-419C-80DE-7CE21481BBF2}
	EndGlobalSection
EndGlobal
